
Microsoft Visual Studio Solution File, Format Version 12.00
# Visual Studio Version 16
VisualStudioVersion = 16.0.30621.155
MinimumVisualStudioVersion = 10.0.40219.1
Project("{9A19103F-16F7-4668-BE54-9A1E7A4F7556}") = "Structurs", "Structurs\Structurs.csproj", "{5F5E0178-D6FC-4FA9-92F9-EBBEF8AE4C24}"
EndProject
Project("{FAE04EC0-301F-11D3-BF4B-00C04F79EFBC}") = "Structurs.Tests", "Structurs.Tests\Structurs.Tests.csproj", "{9AA19292-AB23-4062-B29F-486F15305389}"
EndProject
Global
	GlobalSection(SolutionConfigurationPlatforms) = preSolution
		Debug|Any CPU = Debug|Any CPU
		Release|Any CPU = Release|Any CPU
	EndGlobalSection
	GlobalSection(ProjectConfigurationPlatforms) = postSolution
		{5F5E0178-D6FC-4FA9-92F9-EBBEF8AE4C24}.Debug|Any CPU.ActiveCfg = Debug|Any CPU
		{5F5E0178-D6FC-4FA9-92F9-EBBEF8AE4C24}.Debug|Any CPU.Build.0 = Debug|Any CPU
		{5F5E0178-D6FC-4FA9-92F9-EBBEF8AE4C24}.Release|Any CPU.ActiveCfg = Release|Any CPU
		{5F5E0178-D6FC-4FA9-92F9-EBBEF8AE4C24}.Release|Any CPU.Build.0 = Release|Any CPU
		{9AA19292-AB23-4062-B29F-486F15305389}.Debug|Any CPU.ActiveCfg = Debug|Any CPU
		{9AA19292-AB23-4062-B29F-486F15305389}.Debug|Any CPU.Build.0 = Debug|Any CPU
		{9AA19292-AB23-4062-B29F-486F15305389}.Release|Any CPU.ActiveCfg = Release|Any CPU
		{9AA19292-AB23-4062-B29F-486F15305389}.Release|Any CPU.Build.0 = Release|Any CPU
	EndGlobalSection
	GlobalSection(SolutionProperties) = preSolution
		HideSolutionNode = FALSE
	EndGlobalSection
	GlobalSection(ExtensibilityGlobals) = postSolution
		SolutionGuid = {5D1E45D8-30D6-479F-87D6-4C52F22D5288}
	EndGlobalSection
EndGlobal
